
Microsoft Visual Studio Solution File, Format Version 12.00
# Visual Studio Version 16
VisualStudioVersion = 16.0.31005.135
MinimumVisualStudioVersion = 10.0.40219.1
Project("{FAE04EC0-301F-11D3-BF4B-00C04F79EFBC}") = "Student App", "DTPStudentApp\Student App.csproj", "{AF702C7E-0610-4493-9B3F-03E39788ACDB}"
EndProject
Project("{FAE04EC0-301F-11D3-BF4B-00C04F79EFBC}") = "LessonCreator", "LessonCreator\LessonCreator.csproj", "{6F95663D-C583-4E7F-B409-2264E03E22EF}"
EndProject
Project("{FAE04EC0-301F-11D3-BF4B-00C04F79EFBC}") = "TeacherTool", "TeacherTool\TeacherTool.csproj", "{6C89564B-D74A-4F7D-AD31-13395465312B}"
EndProject
Project("{2150E333-8FDC-42A3-9474-1A3956D46DE8}") = "Solution Items", "Solution Items", "{ED0B0A78-C4FC-4682-ACED-ED337719B755}"
EndProject
Project("{FAE04EC0-301F-11D3-BF4B-00C04F79EFBC}") = "Common", "Common\Common.csproj", "{BDB12DAA-E754-41B1-9CB9-3FA98EC9B2D5}"
EndProject
Global
	GlobalSection(SolutionConfigurationPlatforms) = preSolution
		Debug|Any CPU = Debug|Any CPU
		Release|Any CPU = Release|Any CPU
	EndGlobalSection
	GlobalSection(ProjectConfigurationPlatforms) = postSolution
		{AF702C7E-0610-4493-9B3F-03E39788ACDB}.Debug|Any CPU.ActiveCfg = Debug|Any CPU
		{AF702C7E-0610-4493-9B3F-03E39788ACDB}.Debug|Any CPU.Build.0 = Debug|Any CPU
		{AF702C7E-0610-4493-9B3F-03E39788ACDB}.Release|Any CPU.ActiveCfg = Release|Any CPU
		{AF702C7E-0610-4493-9B3F-03E39788ACDB}.Release|Any CPU.Build.0 = Release|Any CPU
		{6F95663D-C583-4E7F-B409-2264E03E22EF}.Debug|Any CPU.ActiveCfg = Debug|Any CPU
		{6F95663D-C583-4E7F-B409-2264E03E22EF}.Debug|Any CPU.Build.0 = Debug|Any CPU
		{6F95663D-C583-4E7F-B409-2264E03E22EF}.Release|Any CPU.ActiveCfg = Release|Any CPU
		{6F95663D-C583-4E7F-B409-2264E03E22EF}.Release|Any CPU.Build.0 = Release|Any CPU
		{6C89564B-D74A-4F7D-AD31-13395465312B}.Debug|Any CPU.ActiveCfg = Debug|Any CPU
		{6C89564B-D74A-4F7D-AD31-13395465312B}.Debug|Any CPU.Build.0 = Debug|Any CPU
		{6C89564B-D74A-4F7D-AD31-13395465312B}.Release|Any CPU.ActiveCfg = Release|Any CPU
		{6C89564B-D74A-4F7D-AD31-13395465312B}.Release|Any CPU.Build.0 = Release|Any CPU
		{BDB12DAA-E754-41B1-9CB9-3FA98EC9B2D5}.Debug|Any CPU.ActiveCfg = Debug|Any CPU
		{BDB12DAA-E754-41B1-9CB9-3FA98EC9B2D5}.Debug|Any CPU.Build.0 = Debug|Any CPU
		{BDB12DAA-E754-41B1-9CB9-3FA98EC9B2D5}.Release|Any CPU.ActiveCfg = Release|Any CPU
		{BDB12DAA-E754-41B1-9CB9-3FA98EC9B2D5}.Release|Any CPU.Build.0 = Release|Any CPU
	EndGlobalSection
	GlobalSection(SolutionProperties) = preSolution
		HideSolutionNode = FALSE
	EndGlobalSection
	GlobalSection(ExtensibilityGlobals) = postSolution
		SolutionGuid = {AFDF8E82-9035-439D-9CF2-A0B272DB7C0D}
	EndGlobalSection
EndGlobal
